
Microsoft Visual Studio Solution File, Format Version 12.00
# Visual Studio Version 17
VisualStudioVersion = 17.1.32407.343
MinimumVisualStudioVersion = 10.0.40219.1
Project("{FAE04EC0-301F-11D3-BF4B-00C04F79EFBC}") = "CalculatorUnitTesting", "CalculatorUnitTesting\CalculatorUnitTesting.csproj", "{5FD81357-0AF5-4E58-B64B-26F281E18232}"
EndProject
Project("{FAE04EC0-301F-11D3-BF4B-00C04F79EFBC}") = "Testing", "Testing\Testing.csproj", "{7A37E754-B7B9-4509-8540-38F2E43C260D}"
EndProject
Global
	GlobalSection(SolutionConfigurationPlatforms) = preSolution
		Debug|Any CPU = Debug|Any CPU
		Release|Any CPU = Release|Any CPU
	EndGlobalSection
	GlobalSection(ProjectConfigurationPlatforms) = postSolution
		{5FD81357-0AF5-4E58-B64B-26F281E18232}.Debug|Any CPU.ActiveCfg = Debug|Any CPU
		{5FD81357-0AF5-4E58-B64B-26F281E18232}.Debug|Any CPU.Build.0 = Debug|Any CPU
		{5FD81357-0AF5-4E58-B64B-26F281E18232}.Release|Any CPU.ActiveCfg = Release|Any CPU
		{5FD81357-0AF5-4E58-B64B-26F281E18232}.Release|Any CPU.Build.0 = Release|Any CPU
		{7A37E754-B7B9-4509-8540-38F2E43C260D}.Debug|Any CPU.ActiveCfg = Debug|Any CPU
		{7A37E754-B7B9-4509-8540-38F2E43C260D}.Debug|Any CPU.Build.0 = Debug|Any CPU
		{7A37E754-B7B9-4509-8540-38F2E43C260D}.Release|Any CPU.ActiveCfg = Release|Any CPU
		{7A37E754-B7B9-4509-8540-38F2E43C260D}.Release|Any CPU.Build.0 = Release|Any CPU
	EndGlobalSection
	GlobalSection(SolutionProperties) = preSolution
		HideSolutionNode = FALSE
	EndGlobalSection
	GlobalSection(ExtensibilityGlobals) = postSolution
		SolutionGuid = {C1F3D229-8E83-46F7-9B19-907DD18720BD}
	EndGlobalSection
EndGlobal
